
Microsoft Visual Studio Solution File, Format Version 12.00
# Visual Studio Version 17
VisualStudioVersion = 17.0.32112.339
MinimumVisualStudioVersion = 10.0.40219.1
Project("{FAE04EC0-301F-11D3-BF4B-00C04F79EFBC}") = "AVL", "AVL.csproj", "{04817BB1-E931-448E-8301-807550A5BC68}"
EndProject
Global
	GlobalSection(SolutionConfigurationPlatforms) = preSolution
		Debug|Any CPU = Debug|Any CPU
		Release|Any CPU = Release|Any CPU
	EndGlobalSection
	GlobalSection(ProjectConfigurationPlatforms) = postSolution
		{04817BB1-E931-448E-8301-807550A5BC68}.Debug|Any CPU.ActiveCfg = Debug|Any CPU
		{04817BB1-E931-448E-8301-807550A5BC68}.Debug|Any CPU.Build.0 = Debug|Any CPU
		{04817BB1-E931-448E-8301-807550A5BC68}.Release|Any CPU.ActiveCfg = Release|Any CPU
		{04817BB1-E931-448E-8301-807550A5BC68}.Release|Any CPU.Build.0 = Release|Any CPU
	EndGlobalSection
	GlobalSection(SolutionProperties) = preSolution
		HideSolutionNode = FALSE
	EndGlobalSection
	GlobalSection(ExtensibilityGlobals) = postSolution
		SolutionGuid = {839DEED3-89E9-4DC9-9EC9-8E8C2F776B6D}
	EndGlobalSection
EndGlobal
